
Microsoft Visual Studio Solution File, Format Version 12.00
# Visual Studio Version 17
VisualStudioVersion = 17.3.32804.467
MinimumVisualStudioVersion = 10.0.40219.1
Project("{FAE04EC0-301F-11D3-BF4B-00C04F79EFBC}") = "RabbitDeneme", "RabbitDeneme\RabbitDeneme.csproj", "{7F7EEF1B-02A6-43BB-B76D-4F549246DF24}"
EndProject
Project("{FAE04EC0-301F-11D3-BF4B-00C04F79EFBC}") = "RabbitMQProd.ConsoleApp", "RabbitMQProd.ConsoleApp\RabbitMQProd.ConsoleApp.csproj", "{601D9C38-A742-475F-AE24-0503F94B0D2A}"
EndProject
Global
	GlobalSection(SolutionConfigurationPlatforms) = preSolution
		Debug|Any CPU = Debug|Any CPU
		Release|Any CPU = Release|Any CPU
	EndGlobalSection
	GlobalSection(ProjectConfigurationPlatforms) = postSolution
		{7F7EEF1B-02A6-43BB-B76D-4F549246DF24}.Debug|Any CPU.ActiveCfg = Debug|Any CPU
		{7F7EEF1B-02A6-43BB-B76D-4F549246DF24}.Debug|Any CPU.Build.0 = Debug|Any CPU
		{7F7EEF1B-02A6-43BB-B76D-4F549246DF24}.Release|Any CPU.ActiveCfg = Release|Any CPU
		{7F7EEF1B-02A6-43BB-B76D-4F549246DF24}.Release|Any CPU.Build.0 = Release|Any CPU
		{601D9C38-A742-475F-AE24-0503F94B0D2A}.Debug|Any CPU.ActiveCfg = Debug|Any CPU
		{601D9C38-A742-475F-AE24-0503F94B0D2A}.Debug|Any CPU.Build.0 = Debug|Any CPU
		{601D9C38-A742-475F-AE24-0503F94B0D2A}.Release|Any CPU.ActiveCfg = Release|Any CPU
		{601D9C38-A742-475F-AE24-0503F94B0D2A}.Release|Any CPU.Build.0 = Release|Any CPU
	EndGlobalSection
	GlobalSection(SolutionProperties) = preSolution
		HideSolutionNode = FALSE
	EndGlobalSection
	GlobalSection(ExtensibilityGlobals) = postSolution
		SolutionGuid = {C0DCA139-62F1-453C-BB09-F4B63D49331F}
	EndGlobalSection
EndGlobal
